
Microsoft Visual Studio Solution File, Format Version 12.00
# Visual Studio 2013
VisualStudioVersion = 12.0.21005.1
MinimumVisualStudioVersion = 10.0.40219.1
Project("{FAE04EC0-301F-11D3-BF4B-00C04F79EFBC}") = "ERP.Web", "ERP.Web\ERP.Web.csproj", "{F52AA0A4-032E-4FEA-ABED-84AD6D435DD0}"
EndProject
Project("{FAE04EC0-301F-11D3-BF4B-00C04F79EFBC}") = "ERP.Model", "ERP.Model\ERP.Model.csproj", "{95858DC0-A615-468A-8073-FA608AF70F21}"
EndProject
Project("{FAE04EC0-301F-11D3-BF4B-00C04F79EFBC}") = "ERP.BLL", "ERP.BLL\ERP.BLL.csproj", "{1B60ECC9-C4BE-420A-A554-99F74054422D}"
EndProject
Project("{FAE04EC0-301F-11D3-BF4B-00C04F79EFBC}") = "ERP.DAL", "ERP.DAL\ERP.DAL.csproj", "{CCF44A6D-6B0A-4113-BA13-5884F76D284F}"
EndProject
Project("{FAE04EC0-301F-11D3-BF4B-00C04F79EFBC}") = "ERP.Utility", "ERP.Utility\ERP.Utility.csproj", "{BEB83F3D-A043-4358-8FC6-7AD2D3BD689D}"
EndProject
Project("{2150E333-8FDC-42A3-9474-1A3956D46DE8}") = "01_Client", "01_Client", "{B2A8A513-78AB-4367-93E7-F44EF527B649}"
EndProject
Project("{2150E333-8FDC-42A3-9474-1A3956D46DE8}") = "02_Domain", "02_Domain", "{D9EB2B17-7653-4973-BC00-1831A89DBD64}"
EndProject
Project("{2150E333-8FDC-42A3-9474-1A3956D46DE8}") = "03_Infrastructure", "03_Infrastructure", "{ABA526AB-00DF-4FCD-A2FF-C8DB1A3705CE}"
EndProject
Project("{2150E333-8FDC-42A3-9474-1A3956D46DE8}") = "99_UnitTest", "99_UnitTest", "{A2FB18A1-D80F-45BE-9BAD-97A0F0B00397}"
EndProject
Project("{2150E333-8FDC-42A3-9474-1A3956D46DE8}") = "04_DataBase", "04_DataBase", "{8057F140-CCF7-4C74-A2F5-4BC596B2C3AB}"
EndProject
Global
	GlobalSection(SubversionScc) = preSolution
		Svn-Managed = True
		Manager = AnkhSVN - Subversion Support for Visual Studio
	EndGlobalSection
	GlobalSection(SolutionConfigurationPlatforms) = preSolution
		Debug|Any CPU = Debug|Any CPU
		Debug|x64 = Debug|x64
		Debug|x86 = Debug|x86
		Release|Any CPU = Release|Any CPU
		Release|x64 = Release|x64
		Release|x86 = Release|x86
	EndGlobalSection
	GlobalSection(ProjectConfigurationPlatforms) = postSolution
		{F52AA0A4-032E-4FEA-ABED-84AD6D435DD0}.Debug|Any CPU.ActiveCfg = Debug|Any CPU
		{F52AA0A4-032E-4FEA-ABED-84AD6D435DD0}.Debug|Any CPU.Build.0 = Debug|Any CPU
		{F52AA0A4-032E-4FEA-ABED-84AD6D435DD0}.Debug|x64.ActiveCfg = Debug|x64
		{F52AA0A4-032E-4FEA-ABED-84AD6D435DD0}.Debug|x64.Build.0 = Debug|x64
		{F52AA0A4-032E-4FEA-ABED-84AD6D435DD0}.Debug|x86.ActiveCfg = Debug|x86
		{F52AA0A4-032E-4FEA-ABED-84AD6D435DD0}.Debug|x86.Build.0 = Debug|x86
		{F52AA0A4-032E-4FEA-ABED-84AD6D435DD0}.Release|Any CPU.ActiveCfg = Release|Any CPU
		{F52AA0A4-032E-4FEA-ABED-84AD6D435DD0}.Release|Any CPU.Build.0 = Release|Any CPU
		{F52AA0A4-032E-4FEA-ABED-84AD6D435DD0}.Release|x64.ActiveCfg = Release|x64
		{F52AA0A4-032E-4FEA-ABED-84AD6D435DD0}.Release|x64.Build.0 = Release|x64
		{F52AA0A4-032E-4FEA-ABED-84AD6D435DD0}.Release|x86.ActiveCfg = Release|x86
		{F52AA0A4-032E-4FEA-ABED-84AD6D435DD0}.Release|x86.Build.0 = Release|x86
		{95858DC0-A615-468A-8073-FA608AF70F21}.Debug|Any CPU.ActiveCfg = Debug|Any CPU
		{95858DC0-A615-468A-8073-FA608AF70F21}.Debug|Any CPU.Build.0 = Debug|Any CPU
		{95858DC0-A615-468A-8073-FA608AF70F21}.Debug|x64.ActiveCfg = Debug|Any CPU
		{95858DC0-A615-468A-8073-FA608AF70F21}.Debug|x86.ActiveCfg = Debug|Any CPU
		{95858DC0-A615-468A-8073-FA608AF70F21}.Release|Any CPU.ActiveCfg = Release|Any CPU
		{95858DC0-A615-468A-8073-FA608AF70F21}.Release|Any CPU.Build.0 = Release|Any CPU
		{95858DC0-A615-468A-8073-FA608AF70F21}.Release|x64.ActiveCfg = Release|Any CPU
		{95858DC0-A615-468A-8073-FA608AF70F21}.Release|x86.ActiveCfg = Release|Any CPU
		{1B60ECC9-C4BE-420A-A554-99F74054422D}.Debug|Any CPU.ActiveCfg = Debug|Any CPU
		{1B60ECC9-C4BE-420A-A554-99F74054422D}.Debug|Any CPU.Build.0 = Debug|Any CPU
		{1B60ECC9-C4BE-420A-A554-99F74054422D}.Debug|x64.ActiveCfg = Debug|Any CPU
		{1B60ECC9-C4BE-420A-A554-99F74054422D}.Debug|x86.ActiveCfg = Debug|Any CPU
		{1B60ECC9-C4BE-420A-A554-99F74054422D}.Release|Any CPU.ActiveCfg = Release|Any CPU
		{1B60ECC9-C4BE-420A-A554-99F74054422D}.Release|Any CPU.Build.0 = Release|Any CPU
		{1B60ECC9-C4BE-420A-A554-99F74054422D}.Release|x64.ActiveCfg = Release|Any CPU
		{1B60ECC9-C4BE-420A-A554-99F74054422D}.Release|x86.ActiveCfg = Release|Any CPU
		{CCF44A6D-6B0A-4113-BA13-5884F76D284F}.Debug|Any CPU.ActiveCfg = Debug|Any CPU
		{CCF44A6D-6B0A-4113-BA13-5884F76D284F}.Debug|Any CPU.Build.0 = Debug|Any CPU
		{CCF44A6D-6B0A-4113-BA13-5884F76D284F}.Debug|x64.ActiveCfg = Debug|Any CPU
		{CCF44A6D-6B0A-4113-BA13-5884F76D284F}.Debug|x86.ActiveCfg = Debug|Any CPU
		{CCF44A6D-6B0A-4113-BA13-5884F76D284F}.Release|Any CPU.ActiveCfg = Release|Any CPU
		{CCF44A6D-6B0A-4113-BA13-5884F76D284F}.Release|Any CPU.Build.0 = Release|Any CPU
		{CCF44A6D-6B0A-4113-BA13-5884F76D284F}.Release|x64.ActiveCfg = Release|Any CPU
		{CCF44A6D-6B0A-4113-BA13-5884F76D284F}.Release|x86.ActiveCfg = Release|Any CPU
		{BEB83F3D-A043-4358-8FC6-7AD2D3BD689D}.Debug|Any CPU.ActiveCfg = Debug|Any CPU
		{BEB83F3D-A043-4358-8FC6-7AD2D3BD689D}.Debug|Any CPU.Build.0 = Debug|Any CPU
		{BEB83F3D-A043-4358-8FC6-7AD2D3BD689D}.Debug|x64.ActiveCfg = Debug|Any CPU
		{BEB83F3D-A043-4358-8FC6-7AD2D3BD689D}.Debug|x86.ActiveCfg = Debug|Any CPU
		{BEB83F3D-A043-4358-8FC6-7AD2D3BD689D}.Release|Any CPU.ActiveCfg = Release|Any CPU
		{BEB83F3D-A043-4358-8FC6-7AD2D3BD689D}.Release|Any CPU.Build.0 = Release|Any CPU
		{BEB83F3D-A043-4358-8FC6-7AD2D3BD689D}.Release|x64.ActiveCfg = Release|Any CPU
		{BEB83F3D-A043-4358-8FC6-7AD2D3BD689D}.Release|x86.ActiveCfg = Release|Any CPU
	EndGlobalSection
	GlobalSection(SolutionProperties) = preSolution
		HideSolutionNode = FALSE
	EndGlobalSection
	GlobalSection(NestedProjects) = preSolution
		{F52AA0A4-032E-4FEA-ABED-84AD6D435DD0} = {B2A8A513-78AB-4367-93E7-F44EF527B649}
		{1B60ECC9-C4BE-420A-A554-99F74054422D} = {D9EB2B17-7653-4973-BC00-1831A89DBD64}
		{CCF44A6D-6B0A-4113-BA13-5884F76D284F} = {D9EB2B17-7653-4973-BC00-1831A89DBD64}
		{95858DC0-A615-468A-8073-FA608AF70F21} = {D9EB2B17-7653-4973-BC00-1831A89DBD64}
		{BEB83F3D-A043-4358-8FC6-7AD2D3BD689D} = {ABA526AB-00DF-4FCD-A2FF-C8DB1A3705CE}
	EndGlobalSection
EndGlobal
